
Microsoft Visual Studio Solution File, Format Version 12.00
# Visual Studio 15
Project("{FAE04EC0-301F-11D3-BF4B-00C04F79EFBC}") = "Assembly-CSharp", "Assembly-CSharp.csproj", "{3B693D07-3418-0BBA-7515-155A9C78706E}"
EndProject
Global
	GlobalSection(SolutionConfigurationPlatforms) = preSolution
		Debug|Any CPU = Debug|Any CPU
		Release|Any CPU = Release|Any CPU
	EndGlobalSection
	GlobalSection(ProjectConfigurationPlatforms) = postSolution
		{3B693D07-3418-0BBA-7515-155A9C78706E}.Debug|Any CPU.ActiveCfg = Debug|Any CPU
		{3B693D07-3418-0BBA-7515-155A9C78706E}.Debug|Any CPU.Build.0 = Debug|Any CPU
		{3B693D07-3418-0BBA-7515-155A9C78706E}.Release|Any CPU.ActiveCfg = Release|Any CPU
		{3B693D07-3418-0BBA-7515-155A9C78706E}.Release|Any CPU.Build.0 = Release|Any CPU
	EndGlobalSection
	GlobalSection(SolutionProperties) = preSolution
		HideSolutionNode = FALSE
	EndGlobalSection
EndGlobal
